{
  "name": "chatJust",
  "version": "0.0.1",
  "lockfileVersion": 3,
  "requires": true,
  "packages": {
    "": {
      "name": "chatJust",
      "version": "0.0.1",
      "dependencies": {
        "express": "^4.10.2",
        "node-static": "^0.7.11",
        "socket.io": "^1.3.6",
        "xmlhttprequest": "^1.8.0"
      }
    },
    "node_modules/colors": {
      "version": "1.4.0",
      "resolved": "https://registry.npmjs.org/colors/-/colors-1.4.0.tgz",
      "integrity": "sha512-a+UqTh4kgZg/SlGvfbzDHpgRu7AAQOmmqRHJnxhRZICKFUT91brVhNNt58CMWU9PsBbv3PDCZUHbVxuDiH2mtA==",
      "engines": {
        "node": ">=0.1.90"
      }
    },
    "node_modules/express": {
      "version": "4.10.2",
      "license": "MIT",
      "dependencies": {
        "accepts": "~1.1.3",
        "content-disposition": "0.5.0",
        "cookie": "0.1.2",
        "cookie-signature": "1.0.5",
        "debug": "~2.1.0",
        "depd": "~1.0.0",
        "escape-html": "1.0.1",
        "etag": "~1.5.0",
        "finalhandler": "0.3.2",
        "fresh": "0.2.4",
        "media-typer": "0.3.0",
        "merge-descriptors": "0.0.2",
        "methods": "1.1.0",
        "on-finished": "~2.1.1",
        "parseurl": "~1.3.0",
        "path-to-regexp": "0.1.3",
        "proxy-addr": "~1.0.3",
        "qs": "2.3.2",
        "range-parser": "~1.0.2",
        "send": "0.10.1",
        "serve-static": "~1.7.1",
        "type-is": "~1.5.3",
        "utils-merge": "1.0.0",
        "vary": "~1.0.0"
      },
      "engines": {
        "node": ">= 0.10.0"
      }
    },
    "node_modules/express/node_modules/accepts": {
      "version": "1.1.4",
      "license": "MIT",
      "dependencies": {
        "mime-types": "~2.0.4",
        "negotiator": "0.4.9"
      },
      "engines": {
        "node": ">= 0.8"
      }
    },
    "node_modules/express/node_modules/accepts/node_modules/mime-types": {
      "version": "2.0.14",
      "license": "MIT",
      "dependencies": {
        "mime-db": "~1.12.0"
      },
      "engines": {
        "node": ">= 0.6"
      }
    },
    "node_modules/express/node_modules/accepts/node_modules/mime-types/node_modules/mime-db": {
      "version": "1.12.0",
      "license": "MIT",
      "engines": {
        "node": ">= 0.6"
      }
    },
    "node_modules/express/node_modules/accepts/node_modules/negotiator": {
      "version": "0.4.9",
      "license": "MIT",
      "engines": {
        "node": ">= 0.6"
      }
    },
    "node_modules/express/node_modules/content-disposition": {
      "version": "0.5.0",
      "license": "MIT",
      "engines": {
        "node": ">= 0.6"
      }
    },
    "node_modules/express/node_modules/cookie": {
      "version": "0.1.2",
      "engines": {
        "node": "*"
      }
    },
    "node_modules/express/node_modules/cookie-signature": {
      "version": "1.0.5",
      "license": "MIT"
    },
    "node_modules/express/node_modules/debug": {
      "version": "2.1.3",
      "license": "MIT",
      "dependencies": {
        "ms": "0.7.0"
      }
    },
    "node_modules/express/node_modules/debug/node_modules/ms": {
      "version": "0.7.0"
    },
    "node_modules/express/node_modules/depd": {
      "version": "1.0.1",
      "license": "MIT",
      "engines": {
        "node": ">= 0.6"
      }
    },
    "node_modules/express/node_modules/escape-html": {
      "version": "1.0.1"
    },
    "node_modules/express/node_modules/etag": {
      "version": "1.5.1",
      "license": "MIT",
      "dependencies": {
        "crc": "3.2.1"
      },
      "engines": {
        "node": ">= 0.6"
      }
    },
    "node_modules/express/node_modules/etag/node_modules/crc": {
      "version": "3.2.1",
      "license": "MIT"
    },
    "node_modules/express/node_modules/finalhandler": {
      "version": "0.3.2",
      "license": "MIT",
      "dependencies": {
        "debug": "~2.1.0",
        "escape-html": "1.0.1",
        "on-finished": "~2.1.1"
      },
      "engines": {
        "node": ">= 0.8"
      }
    },
    "node_modules/express/node_modules/fresh": {
      "version": "0.2.4",
      "license": "MIT",
      "engines": {
        "node": ">= 0.6"
      }
    },
    "node_modules/express/node_modules/media-typer": {
      "version": "0.3.0",
      "license": "MIT",
      "engines": {
        "node": ">= 0.6"
      }
    },
    "node_modules/express/node_modules/merge-descriptors": {
      "version": "0.0.2",
      "license": "MIT"
    },
    "node_modules/express/node_modules/methods": {
      "version": "1.1.0",
      "license": "MIT"
    },
    "node_modules/express/node_modules/on-finished": {
      "version": "2.1.1",
      "license": "MIT",
      "dependencies": {
        "ee-first": "1.1.0"
      },
      "engines": {
        "node": ">= 0.8"
      }
    },
    "node_modules/express/node_modules/on-finished/node_modules/ee-first": {
      "version": "1.1.0",
      "license": "MIT"
    },
    "node_modules/express/node_modules/parseurl": {
      "version": "1.3.0",
      "license": "MIT"
    },
    "node_modules/express/node_modules/path-to-regexp": {
      "version": "0.1.3"
    },
    "node_modules/express/node_modules/proxy-addr": {
      "version": "1.0.8",
      "license": "MIT",
      "dependencies": {
        "forwarded": "~0.1.0",
        "ipaddr.js": "1.0.1"
      },
      "engines": {
        "node": ">= 0.6"
      }
    },
    "node_modules/express/node_modules/proxy-addr/node_modules/forwarded": {
      "version": "0.1.0",
      "license": "MIT",
      "engines": {
        "node": ">= 0.6"
      }
    },
    "node_modules/express/node_modules/proxy-addr/node_modules/ipaddr.js": {
      "version": "1.0.1",
      "license": "MIT",
      "engines": {
        "node": ">= 0.2.5"
      }
    },
    "node_modules/express/node_modules/qs": {
      "version": "2.3.2"
    },
    "node_modules/express/node_modules/range-parser": {
      "version": "1.0.2",
      "license": "MIT",
      "engines": {
        "node": ">= 0.6"
      }
    },
    "node_modules/express/node_modules/send": {
      "version": "0.10.1",
      "license": "MIT",
      "dependencies": {
        "debug": "~2.1.0",
        "depd": "~1.0.0",
        "destroy": "1.0.3",
        "escape-html": "1.0.1",
        "etag": "~1.5.0",
        "fresh": "0.2.4",
        "mime": "1.2.11",
        "ms": "0.6.2",
        "on-finished": "~2.1.1",
        "range-parser": "~1.0.2"
      },
      "engines": {
        "node": ">= 0.8.0"
      }
    },
    "node_modules/express/node_modules/send/node_modules/destroy": {
      "version": "1.0.3",
      "license": "MIT"
    },
    "node_modules/express/node_modules/send/node_modules/mime": {
      "version": "1.2.11"
    },
    "node_modules/express/node_modules/send/node_modules/ms": {
      "version": "0.6.2"
    },
    "node_modules/express/node_modules/serve-static": {
      "version": "1.7.2",
      "license": "MIT",
      "dependencies": {
        "escape-html": "1.0.1",
        "parseurl": "~1.3.0",
        "send": "0.10.1",
        "utils-merge": "1.0.0"
      },
      "engines": {
        "node": ">= 0.8.0"
      }
    },
    "node_modules/express/node_modules/type-is": {
      "version": "1.5.7",
      "license": "MIT",
      "dependencies": {
        "media-typer": "0.3.0",
        "mime-types": "~2.0.9"
      },
      "engines": {
        "node": ">= 0.6"
      }
    },
    "node_modules/express/node_modules/type-is/node_modules/mime-types": {
      "version": "2.0.14",
      "license": "MIT",
      "dependencies": {
        "mime-db": "~1.12.0"
      },
      "engines": {
        "node": ">= 0.6"
      }
    },
    "node_modules/express/node_modules/type-is/node_modules/mime-types/node_modules/mime-db": {
      "version": "1.12.0",
      "license": "MIT",
      "engines": {
        "node": ">= 0.6"
      }
    },
    "node_modules/express/node_modules/utils-merge": {
      "version": "1.0.0",
      "engines": {
        "node": ">= 0.4.0"
      }
    },
    "node_modules/express/node_modules/vary": {
      "version": "1.0.1",
      "license": "MIT",
      "engines": {
        "node": ">= 0.8"
      }
    },
    "node_modules/global": {
      "version": "2.0.1",
      "resolved": "https://github.com/component/global/archive/v2.0.1.tar.gz",
      "integrity": "sha512-O91OcV/NbdmQJPHaRu2ekSP7bqFRLWgqSwaJvqHPZHUwmHBagQYTOra29+LnzzG3lZkXH1ANzHzfCxtAPM9HMA==",
      "license": "MIT"
    },
    "node_modules/mime": {
      "version": "1.6.0",
      "resolved": "https://registry.npmjs.org/mime/-/mime-1.6.0.tgz",
      "integrity": "sha512-x0Vn8spI+wuJ1O6S7gnbaQg8Pxh4NNHb7KSINmEWKiPE4RKOplvijn+NkmYmmRgP68mc70j2EbeTFRsrswaQeg==",
      "bin": {
        "mime": "cli.js"
      },
      "engines": {
        "node": ">=4"
      }
    },
    "node_modules/minimist": {
      "version": "0.0.10",
      "resolved": "https://registry.npmjs.org/minimist/-/minimist-0.0.10.tgz",
      "integrity": "sha512-iotkTvxc+TwOm5Ieim8VnSNvCDjCK9S8G3scJ50ZthspSxa7jx50jkhYduuAtAjvfDUwSgOwf8+If99AlOEhyw=="
    },
    "node_modules/node-static": {
      "version": "0.7.11",
      "resolved": "https://registry.npmjs.org/node-static/-/node-static-0.7.11.tgz",
      "integrity": "sha512-zfWC/gICcqb74D9ndyvxZWaI1jzcoHmf4UTHWQchBNuNMxdBLJMDiUgZ1tjGLEIe/BMhj2DxKD8HOuc2062pDQ==",
      "dependencies": {
        "colors": ">=0.6.0",
        "mime": "^1.2.9",
        "optimist": ">=0.3.4"
      },
      "bin": {
        "static": "bin/cli.js"
      },
      "engines": {
        "node": ">= 0.4.1"
      }
    },
    "node_modules/optimist": {
      "version": "0.6.1",
      "resolved": "https://registry.npmjs.org/optimist/-/optimist-0.6.1.tgz",
      "integrity": "sha512-snN4O4TkigujZphWLN0E//nQmm7790RYaE53DdL7ZYwee2D8DDo9/EyYiKUfN3rneWUjhJnueija3G9I2i0h3g==",
      "dependencies": {
        "minimist": "~0.0.1",
        "wordwrap": "~0.0.2"
      }
    },
    "node_modules/socket.io": {
      "version": "1.3.6",
      "dependencies": {
        "debug": "2.1.0",
        "engine.io": "1.5.2",
        "has-binary-data": "0.1.3",
        "socket.io-adapter": "0.3.1",
        "socket.io-client": "1.3.6",
        "socket.io-parser": "2.2.4"
      }
    },
    "node_modules/socket.io/node_modules/debug": {
      "version": "2.1.0",
      "license": "MIT",
      "dependencies": {
        "ms": "0.6.2"
      }
    },
    "node_modules/socket.io/node_modules/debug/node_modules/ms": {
      "version": "0.6.2"
    },
    "node_modules/socket.io/node_modules/engine.io": {
      "version": "1.5.2",
      "dependencies": {
        "base64id": "0.1.0",
        "debug": "1.0.3",
        "engine.io-parser": "1.2.1",
        "ws": "0.7.2"
      }
    },
    "node_modules/socket.io/node_modules/engine.io/node_modules/base64id": {
      "version": "0.1.0",
      "engines": {
        "node": ">= 0.4.0"
      }
    },
    "node_modules/socket.io/node_modules/engine.io/node_modules/debug": {
      "version": "1.0.3",
      "dependencies": {
        "ms": "0.6.2"
      }
    },
    "node_modules/socket.io/node_modules/engine.io/node_modules/debug/node_modules/ms": {
      "version": "0.6.2"
    },
    "node_modules/socket.io/node_modules/engine.io/node_modules/engine.io-parser": {
      "version": "1.2.1",
      "dependencies": {
        "after": "0.8.1",
        "arraybuffer.slice": "0.0.6",
        "base64-arraybuffer": "0.1.2",
        "blob": "0.0.2",
        "has-binary": "0.1.5",
        "utf8": "2.0.0"
      }
    },
    "node_modules/socket.io/node_modules/engine.io/node_modules/engine.io-parser/node_modules/after": {
      "version": "0.8.1"
    },
    "node_modules/socket.io/node_modules/engine.io/node_modules/engine.io-parser/node_modules/arraybuffer.slice": {
      "version": "0.0.6"
    },
    "node_modules/socket.io/node_modules/engine.io/node_modules/engine.io-parser/node_modules/base64-arraybuffer": {
      "version": "0.1.2",
      "engines": {
        "node": ">= 0.6.0"
      }
    },
    "node_modules/socket.io/node_modules/engine.io/node_modules/engine.io-parser/node_modules/blob": {
      "version": "0.0.2"
    },
    "node_modules/socket.io/node_modules/engine.io/node_modules/engine.io-parser/node_modules/has-binary": {
      "version": "0.1.5",
      "license": "MIT",
      "dependencies": {
        "isarray": "0.0.1"
      }
    },
    "node_modules/socket.io/node_modules/engine.io/node_modules/engine.io-parser/node_modules/has-binary/node_modules/isarray": {
      "version": "0.0.1",
      "license": "MIT"
    },
    "node_modules/socket.io/node_modules/engine.io/node_modules/engine.io-parser/node_modules/utf8": {
      "version": "2.0.0"
    },
    "node_modules/socket.io/node_modules/engine.io/node_modules/ws": {
      "version": "0.7.2",
      "license": "MIT",
      "dependencies": {
        "options": ">=0.0.5",
        "ultron": "1.0.x"
      },
      "optionalDependencies": {
        "bufferutil": "1.1.x",
        "utf-8-validate": "1.1.x"
      }
    },
    "node_modules/socket.io/node_modules/engine.io/node_modules/ws/node_modules/bufferutil": {
      "version": "1.1.0",
      "hasInstallScript": true,
      "license": "MIT",
      "optional": true,
      "dependencies": {
        "bindings": "1.2.x",
        "nan": "1.8.x"
      }
    },
    "node_modules/socket.io/node_modules/engine.io/node_modules/ws/node_modules/bufferutil/node_modules/bindings": {
      "version": "1.2.1",
      "license": "MIT",
      "optional": true
    },
    "node_modules/socket.io/node_modules/engine.io/node_modules/ws/node_modules/bufferutil/node_modules/nan": {
      "version": "1.8.4",
      "license": "MIT",
      "optional": true
    },
    "node_modules/socket.io/node_modules/engine.io/node_modules/ws/node_modules/options": {
      "version": "0.0.6",
      "engines": {
        "node": ">=0.4.0"
      }
    },
    "node_modules/socket.io/node_modules/engine.io/node_modules/ws/node_modules/ultron": {
      "version": "1.0.2",
      "license": "MIT"
    },
    "node_modules/socket.io/node_modules/engine.io/node_modules/ws/node_modules/utf-8-validate": {
      "version": "1.1.0",
      "hasInstallScript": true,
      "license": "MIT",
      "optional": true,
      "dependencies": {
        "bindings": "1.2.x",
        "nan": "1.8.x"
      }
    },
    "node_modules/socket.io/node_modules/engine.io/node_modules/ws/node_modules/utf-8-validate/node_modules/bindings": {
      "version": "1.2.1",
      "license": "MIT",
      "optional": true
    },
    "node_modules/socket.io/node_modules/engine.io/node_modules/ws/node_modules/utf-8-validate/node_modules/nan": {
      "version": "1.8.4",
      "license": "MIT",
      "optional": true
    },
    "node_modules/socket.io/node_modules/has-binary-data": {
      "version": "0.1.3",
      "license": "ISC",
      "dependencies": {
        "isarray": "0.0.1"
      }
    },
    "node_modules/socket.io/node_modules/has-binary-data/node_modules/isarray": {
      "version": "0.0.1",
      "license": "MIT"
    },
    "node_modules/socket.io/node_modules/socket.io-adapter": {
      "version": "0.3.1",
      "dependencies": {
        "debug": "1.0.2",
        "object-keys": "1.0.1",
        "socket.io-parser": "2.2.2"
      }
    },
    "node_modules/socket.io/node_modules/socket.io-adapter/node_modules/debug": {
      "version": "1.0.2",
      "dependencies": {
        "ms": "0.6.2"
      }
    },
    "node_modules/socket.io/node_modules/socket.io-adapter/node_modules/debug/node_modules/ms": {
      "version": "0.6.2"
    },
    "node_modules/socket.io/node_modules/socket.io-adapter/node_modules/object-keys": {
      "version": "1.0.1",
      "license": "MIT",
      "engines": {
        "node": ">= 0.4"
      }
    },
    "node_modules/socket.io/node_modules/socket.io-adapter/node_modules/socket.io-parser": {
      "version": "2.2.2",
      "license": "MIT",
      "dependencies": {
        "benchmark": "1.0.0",
        "component-emitter": "1.1.2",
        "debug": "0.7.4",
        "isarray": "0.0.1",
        "json3": "3.2.6"
      }
    },
    "node_modules/socket.io/node_modules/socket.io-adapter/node_modules/socket.io-parser/node_modules/benchmark": {
      "version": "1.0.0",
      "engines": [
        "node",
        "rhino"
      ]
    },
    "node_modules/socket.io/node_modules/socket.io-adapter/node_modules/socket.io-parser/node_modules/component-emitter": {
      "version": "1.1.2"
    },
    "node_modules/socket.io/node_modules/socket.io-adapter/node_modules/socket.io-parser/node_modules/debug": {
      "version": "0.7.4",
      "engines": {
        "node": "*"
      }
    },
    "node_modules/socket.io/node_modules/socket.io-adapter/node_modules/socket.io-parser/node_modules/isarray": {
      "version": "0.0.1",
      "license": "MIT"
    },
    "node_modules/socket.io/node_modules/socket.io-adapter/node_modules/socket.io-parser/node_modules/json3": {
      "version": "3.2.6"
    },
    "node_modules/socket.io/node_modules/socket.io-client": {
      "version": "1.3.6",
      "license": "MIT",
      "dependencies": {
        "backo2": "1.0.2",
        "component-bind": "1.0.0",
        "component-emitter": "1.1.2",
        "debug": "0.7.4",
        "engine.io-client": "1.5.2",
        "has-binary": "0.1.6",
        "indexof": "0.0.1",
        "object-component": "0.0.3",
        "parseuri": "0.0.2",
        "socket.io-parser": "2.2.4",
        "to-array": "0.1.3"
      }
    },
    "node_modules/socket.io/node_modules/socket.io-client/node_modules/backo2": {
      "version": "1.0.2",
      "license": "MIT"
    },
    "node_modules/socket.io/node_modules/socket.io-client/node_modules/component-bind": {
      "version": "1.0.0"
    },
    "node_modules/socket.io/node_modules/socket.io-client/node_modules/component-emitter": {
      "version": "1.1.2"
    },
    "node_modules/socket.io/node_modules/socket.io-client/node_modules/debug": {
      "version": "0.7.4",
      "engines": {
        "node": "*"
      }
    },
    "node_modules/socket.io/node_modules/socket.io-client/node_modules/engine.io-client": {
      "version": "1.5.2",
      "dependencies": {
        "component-emitter": "1.1.2",
        "component-inherit": "0.0.3",
        "debug": "1.0.4",
        "engine.io-parser": "1.2.1",
        "has-cors": "1.0.3",
        "indexof": "0.0.1",
        "parsejson": "0.0.1",
        "parseqs": "0.0.2",
        "parseuri": "0.0.4",
        "ws": "0.7.2",
        "xmlhttprequest": "https://github.com/rase-/node-XMLHttpRequest/archive/a6b6f2.tar.gz"
      }
    },
    "node_modules/socket.io/node_modules/socket.io-client/node_modules/engine.io-client/node_modules/component-inherit": {
      "version": "0.0.3"
    },
    "node_modules/socket.io/node_modules/socket.io-client/node_modules/engine.io-client/node_modules/debug": {
      "version": "1.0.4",
      "dependencies": {
        "ms": "0.6.2"
      }
    },
    "node_modules/socket.io/node_modules/socket.io-client/node_modules/engine.io-client/node_modules/debug/node_modules/ms": {
      "version": "0.6.2"
    },
    "node_modules/socket.io/node_modules/socket.io-client/node_modules/engine.io-client/node_modules/engine.io-parser": {
      "version": "1.2.1",
      "dependencies": {
        "after": "0.8.1",
        "arraybuffer.slice": "0.0.6",
        "base64-arraybuffer": "0.1.2",
        "blob": "0.0.2",
        "has-binary": "0.1.5",
        "utf8": "2.0.0"
      }
    },
    "node_modules/socket.io/node_modules/socket.io-client/node_modules/engine.io-client/node_modules/engine.io-parser/node_modules/after": {
      "version": "0.8.1"
    },
    "node_modules/socket.io/node_modules/socket.io-client/node_modules/engine.io-client/node_modules/engine.io-parser/node_modules/arraybuffer.slice": {
      "version": "0.0.6"
    },
    "node_modules/socket.io/node_modules/socket.io-client/node_modules/engine.io-client/node_modules/engine.io-parser/node_modules/base64-arraybuffer": {
      "version": "0.1.2",
      "engines": {
        "node": ">= 0.6.0"
      }
    },
    "node_modules/socket.io/node_modules/socket.io-client/node_modules/engine.io-client/node_modules/engine.io-parser/node_modules/blob": {
      "version": "0.0.2"
    },
    "node_modules/socket.io/node_modules/socket.io-client/node_modules/engine.io-client/node_modules/engine.io-parser/node_modules/has-binary": {
      "version": "0.1.5",
      "license": "MIT",
      "dependencies": {
        "isarray": "0.0.1"
      }
    },
    "node_modules/socket.io/node_modules/socket.io-client/node_modules/engine.io-client/node_modules/engine.io-parser/node_modules/has-binary/node_modules/isarray": {
      "version": "0.0.1",
      "license": "MIT"
    },
    "node_modules/socket.io/node_modules/socket.io-client/node_modules/engine.io-client/node_modules/engine.io-parser/node_modules/utf8": {
      "version": "2.0.0"
    },
    "node_modules/socket.io/node_modules/socket.io-client/node_modules/engine.io-client/node_modules/has-cors": {
      "version": "1.0.3",
      "license": "MIT",
      "dependencies": {
        "global": "https://github.com/component/global/archive/v2.0.1.tar.gz"
      }
    },
    "node_modules/socket.io/node_modules/socket.io-client/node_modules/engine.io-client/node_modules/parsejson": {
      "version": "0.0.1",
      "license": "MIT",
      "dependencies": {
        "better-assert": "~1.0.0"
      }
    },
    "node_modules/socket.io/node_modules/socket.io-client/node_modules/engine.io-client/node_modules/parsejson/node_modules/better-assert": {
      "version": "1.0.2",
      "dependencies": {
        "callsite": "1.0.0"
      },
      "engines": {
        "node": "*"
      }
    },
    "node_modules/socket.io/node_modules/socket.io-client/node_modules/engine.io-client/node_modules/parsejson/node_modules/better-assert/node_modules/callsite": {
      "version": "1.0.0",
      "engines": {
        "node": "*"
      }
    },
    "node_modules/socket.io/node_modules/socket.io-client/node_modules/engine.io-client/node_modules/parseqs": {
      "version": "0.0.2",
      "license": "MIT",
      "dependencies": {
        "better-assert": "~1.0.0"
      }
    },
    "node_modules/socket.io/node_modules/socket.io-client/node_modules/engine.io-client/node_modules/parseqs/node_modules/better-assert": {
      "version": "1.0.2",
      "dependencies": {
        "callsite": "1.0.0"
      },
      "engines": {
        "node": "*"
      }
    },
    "node_modules/socket.io/node_modules/socket.io-client/node_modules/engine.io-client/node_modules/parseqs/node_modules/better-assert/node_modules/callsite": {
      "version": "1.0.0",
      "engines": {
        "node": "*"
      }
    },
    "node_modules/socket.io/node_modules/socket.io-client/node_modules/engine.io-client/node_modules/parseuri": {
      "version": "0.0.4",
      "license": "MIT",
      "dependencies": {
        "better-assert": "~1.0.0"
      }
    },
    "node_modules/socket.io/node_modules/socket.io-client/node_modules/engine.io-client/node_modules/parseuri/node_modules/better-assert": {
      "version": "1.0.2",
      "dependencies": {
        "callsite": "1.0.0"
      },
      "engines": {
        "node": "*"
      }
    },
    "node_modules/socket.io/node_modules/socket.io-client/node_modules/engine.io-client/node_modules/parseuri/node_modules/better-assert/node_modules/callsite": {
      "version": "1.0.0",
      "engines": {
        "node": "*"
      }
    },
    "node_modules/socket.io/node_modules/socket.io-client/node_modules/engine.io-client/node_modules/ws": {
      "version": "0.7.2",
      "license": "MIT",
      "dependencies": {
        "options": ">=0.0.5",
        "ultron": "1.0.x"
      },
      "optionalDependencies": {
        "bufferutil": "1.1.x",
        "utf-8-validate": "1.1.x"
      }
    },
    "node_modules/socket.io/node_modules/socket.io-client/node_modules/engine.io-client/node_modules/ws/node_modules/bufferutil": {
      "version": "1.1.0",
      "hasInstallScript": true,
      "license": "MIT",
      "optional": true,
      "dependencies": {
        "bindings": "1.2.x",
        "nan": "1.8.x"
      }
    },
    "node_modules/socket.io/node_modules/socket.io-client/node_modules/engine.io-client/node_modules/ws/node_modules/bufferutil/node_modules/bindings": {
      "version": "1.2.1",
      "license": "MIT",
      "optional": true
    },
    "node_modules/socket.io/node_modules/socket.io-client/node_modules/engine.io-client/node_modules/ws/node_modules/bufferutil/node_modules/nan": {
      "version": "1.8.4",
      "license": "MIT",
      "optional": true
    },
    "node_modules/socket.io/node_modules/socket.io-client/node_modules/engine.io-client/node_modules/ws/node_modules/options": {
      "version": "0.0.6",
      "engines": {
        "node": ">=0.4.0"
      }
    },
    "node_modules/socket.io/node_modules/socket.io-client/node_modules/engine.io-client/node_modules/ws/node_modules/ultron": {
      "version": "1.0.2",
      "license": "MIT"
    },
    "node_modules/socket.io/node_modules/socket.io-client/node_modules/engine.io-client/node_modules/ws/node_modules/utf-8-validate": {
      "version": "1.1.0",
      "hasInstallScript": true,
      "license": "MIT",
      "optional": true,
      "dependencies": {
        "bindings": "1.2.x",
        "nan": "1.8.x"
      }
    },
    "node_modules/socket.io/node_modules/socket.io-client/node_modules/engine.io-client/node_modules/ws/node_modules/utf-8-validate/node_modules/bindings": {
      "version": "1.2.1",
      "license": "MIT",
      "optional": true
    },
    "node_modules/socket.io/node_modules/socket.io-client/node_modules/engine.io-client/node_modules/ws/node_modules/utf-8-validate/node_modules/nan": {
      "version": "1.8.4",
      "license": "MIT",
      "optional": true
    },
    "node_modules/socket.io/node_modules/socket.io-client/node_modules/has-binary": {
      "version": "0.1.6",
      "license": "MIT",
      "dependencies": {
        "isarray": "0.0.1"
      }
    },
    "node_modules/socket.io/node_modules/socket.io-client/node_modules/has-binary/node_modules/isarray": {
      "version": "0.0.1",
      "license": "MIT"
    },
    "node_modules/socket.io/node_modules/socket.io-client/node_modules/indexof": {
      "version": "0.0.1"
    },
    "node_modules/socket.io/node_modules/socket.io-client/node_modules/object-component": {
      "version": "0.0.3"
    },
    "node_modules/socket.io/node_modules/socket.io-client/node_modules/parseuri": {
      "version": "0.0.2",
      "license": "MIT",
      "dependencies": {
        "better-assert": "~1.0.0"
      }
    },
    "node_modules/socket.io/node_modules/socket.io-client/node_modules/parseuri/node_modules/better-assert": {
      "version": "1.0.2",
      "dependencies": {
        "callsite": "1.0.0"
      },
      "engines": {
        "node": "*"
      }
    },
    "node_modules/socket.io/node_modules/socket.io-client/node_modules/parseuri/node_modules/better-assert/node_modules/callsite": {
      "version": "1.0.0",
      "engines": {
        "node": "*"
      }
    },
    "node_modules/socket.io/node_modules/socket.io-client/node_modules/to-array": {
      "version": "0.1.3"
    },
    "node_modules/socket.io/node_modules/socket.io-parser": {
      "version": "2.2.4",
      "license": "MIT",
      "dependencies": {
        "benchmark": "1.0.0",
        "component-emitter": "1.1.2",
        "debug": "0.7.4",
        "isarray": "0.0.1",
        "json3": "3.2.6"
      }
    },
    "node_modules/socket.io/node_modules/socket.io-parser/node_modules/benchmark": {
      "version": "1.0.0",
      "engines": [
        "node",
        "rhino"
      ]
    },
    "node_modules/socket.io/node_modules/socket.io-parser/node_modules/component-emitter": {
      "version": "1.1.2"
    },
    "node_modules/socket.io/node_modules/socket.io-parser/node_modules/debug": {
      "version": "0.7.4",
      "engines": {
        "node": "*"
      }
    },
    "node_modules/socket.io/node_modules/socket.io-parser/node_modules/isarray": {
      "version": "0.0.1",
      "license": "MIT"
    },
    "node_modules/socket.io/node_modules/socket.io-parser/node_modules/json3": {
      "version": "3.2.6"
    },
    "node_modules/socket.io/node_modules/xmlhttprequest": {
      "version": "1.5.0",
      "resolved": "https://github.com/rase-/node-XMLHttpRequest/archive/a6b6f2.tar.gz",
      "integrity": "sha512-GO6pmHif8rvZ9YddEoem4hQo0OvcTZJnPGyKxBNsFwgEwNYxbpfewye2ulTDAanWXTcfl2+XKE6/DK7SAoKqMw==",
      "engines": {
        "node": ">=0.4.0"
      }
    },
    "node_modules/wordwrap": {
      "version": "0.0.3",
      "resolved": "https://registry.npmjs.org/wordwrap/-/wordwrap-0.0.3.tgz",
      "integrity": "sha512-1tMA907+V4QmxV7dbRvb4/8MaRALK6q9Abid3ndMYnbyo8piisCmeONVqVSXqQA3KaP4SLt5b7ud6E2sqP8TFw==",
      "engines": {
        "node": ">=0.4.0"
      }
    },
    "node_modules/xmlhttprequest": {
      "version": "1.8.0",
      "resolved": "https://registry.npmjs.org/xmlhttprequest/-/xmlhttprequest-1.8.0.tgz",
      "integrity": "sha512-58Im/U0mlVBLM38NdZjHyhuMtCqa61469k2YP/AaPbvCoV9aQGUpbJBj1QRm2ytRiVQBD/fsw7L2bJGDVQswBA==",
      "engines": {
        "node": ">=0.4.0"
      }
    }
  }
}
